// !$*UTF8*$!
{
	archiveVersion = 1;
	classes = {
	};
	objectVersion = 50;
	objects = {

/* Begin PBXBuildFile section */
		3AAAEECE2356CD4700DDE4A6 /* AppDelegate.swift in Sources */ = {isa = PBXBuildFile; fileRef = 3AAAEECD2356CD4700DDE4A6 /* AppDelegate.swift */; };
		3AAAEED02356CD4700DDE4A6 /* art.scnassets in Resources */ = {isa = PBXBuildFile; fileRef = 3AAAEECF2356CD4700DDE4A6 /* art.scnassets */; };
		3AAAEED22356CD4700DDE4A6 /* GameViewController.swift in Sources */ = {isa = PBXBuildFile; fileRef = 3AAAEED12356CD4700DDE4A6 /* GameViewController.swift */; };
		3AAAEED52356CD4700DDE4A6 /* Main.storyboard in Resources */ = {isa = PBXBuildFile; fileRef = 3AAAEED32356CD4700DDE4A6 /* Main.storyboard */; };
		3AAAEED72356CD4A00DDE4A6 /* Assets.xcassets in Resources */ = {isa = PBXBuildFile; fileRef = 3AAAEED62356CD4A00DDE4A6 /* Assets.xcassets */; };
		3AAAEEDA2356CD4A00DDE4A6 /* LaunchScreen.storyboard in Resources */ = {isa = PBXBuildFile; fileRef = 3AAAEED82356CD4A00DDE4A6 /* LaunchScreen.storyboard */; };
		3AAAEEE22356CDA300DDE4A6 /* SimpleShadersScene.swift in Sources */ = {isa = PBXBuildFile; fileRef = 3AAAEEE12356CDA300DDE4A6 /* SimpleShadersScene.swift */; };
		3AAAEEE42356CF5000DDE4A6 /* TextureSampler.metal in Sources */ = {isa = PBXBuildFile; fileRef = 3AAAEEE32356CF5000DDE4A6 /* TextureSampler.metal */; };
		3AAAEEF02356EF5800DDE4A6 /* Enlighted.metal in Sources */ = {isa = PBXBuildFile; fileRef = 3AAAEEEF2356EF5800DDE4A6 /* Enlighted.metal */; };
/* End PBXBuildFile section */

/* Begin PBXFileReference section */
		3AAAEECA2356CD4700DDE4A6 /* SimpleShader.app */ = {isa = PBXFileReference; explicitFileType = wrapper.application; includeInIndex = 0; path = SimpleShader.app; sourceTree = BUILT_PRODUCTS_DIR; };
		3AAAEECD2356CD4700DDE4A6 /* AppDelegate.swift */ = {isa = PBXFileReference; lastKnownFileType = sourcecode.swift; path = AppDelegate.swift; sourceTree = "<group>"; };
		3AAAEECF2356CD4700DDE4A6 /* art.scnassets */ = {isa = PBXFileReference; lastKnownFileType = wrapper.scnassets; path = art.scnassets; sourceTree = "<group>"; };
		3AAAEED12356CD4700DDE4A6 /* GameViewController.swift */ = {isa = PBXFileReference; lastKnownFileType = sourcecode.swift; path = GameViewController.swift; sourceTree = "<group>"; };
		3AAAEED42356CD4700DDE4A6 /* Base */ = {isa = PBXFileReference; lastKnownFileType = file.storyboard; name = Base; path = Base.lproj/Main.storyboard; sourceTree = "<group>"; };
		3AAAEED62356CD4A00DDE4A6 /* Assets.xcassets */ = {isa = PBXFileReference; lastKnownFileType = folder.assetcatalog; path = Assets.xcassets; sourceTree = "<group>"; };
		3AAAEED92356CD4A00DDE4A6 /* Base */ = {isa = PBXFileReference; lastKnownFileType = file.storyboard; name = Base; path = Base.lproj/LaunchScreen.storyboard; sourceTree = "<group>"; };
		3AAAEEDB2356CD4A00DDE4A6 /* Info.plist */ = {isa = PBXFileReference; lastKnownFileType = text.plist.xml; path = Info.plist; sourceTree = "<group>"; };
		3AAAEEE12356CDA300DDE4A6 /* SimpleShadersScene.swift */ = {isa = PBXFileReference; lastKnownFileType = sourcecode.swift; path = SimpleShadersScene.swift; sourceTree = "<group>"; };
		3AAAEEE32356CF5000DDE4A6 /* TextureSampler.metal */ = {isa = PBXFileReference; lastKnownFileType = sourcecode.metal; path = TextureSampler.metal; sourceTree = "<group>"; };
		3AAAEEEF2356EF5800DDE4A6 /* Enlighted.metal */ = {isa = PBXFileReference; lastKnownFileType = sourcecode.metal; path = Enlighted.metal; sourceTree = "<group>"; };
/* End PBXFileReference section */

/* Begin PBXFrameworksBuildPhase section */
		3AAAEEC72356CD4700DDE4A6 /* Frameworks */ = {
			isa = PBXFrameworksBuildPhase;
			buildActionMask = 2147483647;
			files = (
			);
			runOnlyForDeploymentPostprocessing = 0;
		};
/* End PBXFrameworksBuildPhase section */

/* Begin PBXGroup section */
		3AAAEEC12356CD4700DDE4A6 = {
			isa = PBXGroup;
			children = (
				3AAAEECC2356CD4700DDE4A6 /* SimpleShader */,
				3AAAEECB2356CD4700DDE4A6 /* Products */,
			);
			sourceTree = "<group>";
		};
		3AAAEECB2356CD4700DDE4A6 /* Products */ = {
			isa = PBXGroup;
			children = (
				3AAAEECA2356CD4700DDE4A6 /* SimpleShader.app */,
			);
			name = Products;
			sourceTree = "<group>";
		};
		3AAAEECC2356CD4700DDE4A6 /* SimpleShader */ = {
			isa = PBXGroup;
			children = (
				3AAAEECD2356CD4700DDE4A6 /* AppDelegate.swift */,
				3AAAEECF2356CD4700DDE4A6 /* art.scnassets */,
				3AAAEED62356CD4A00DDE4A6 /* Assets.xcassets */,
				3AAAEEEF2356EF5800DDE4A6 /* Enlighted.metal */,
				3AAAEED12356CD4700DDE4A6 /* GameViewController.swift */,
				3AAAEEDB2356CD4A00DDE4A6 /* Info.plist */,
				3AAAEED82356CD4A00DDE4A6 /* LaunchScreen.storyboard */,
				3AAAEED32356CD4700DDE4A6 /* Main.storyboard */,
				3AAAEEE12356CDA300DDE4A6 /* SimpleShadersScene.swift */,
				3AAAEEE32356CF5000DDE4A6 /* TextureSampler.metal */,
			);
			path = SimpleShader;
			sourceTree = "<group>";
		};
/* End PBXGroup section */

/* Begin PBXNativeTarget section */
		3AAAEEC92356CD4700DDE4A6 /* SimpleShader */ = {
			isa = PBXNativeTarget;
			buildConfigurationList = 3AAAEEDE2356CD4A00DDE4A6 /* Build configuration list for PBXNativeTarget "SimpleShader" */;
			buildPhases = (
				3AAAEEC62356CD4700DDE4A6 /* Sources */,
				3AAAEEC72356CD4700DDE4A6 /* Frameworks */,
				3AAAEEC82356CD4700DDE4A6 /* Resources */,
			);
			buildRules = (
			);
			dependencies = (
			);
			name = SimpleShader;
			productName = SimpleShader;
			productReference = 3AAAEECA2356CD4700DDE4A6 /* SimpleShader.app */;
			productType = "com.apple.product-type.application";
		};
/* End PBXNativeTarget section */

/* Begin PBXProject section */
		3AAAEEC22356CD4700DDE4A6 /* Project object */ = {
			isa = PBXProject;
			attributes = {
				LastSwiftUpdateCheck = 1100;
				LastUpgradeCheck = 1100;
				ORGANIZATIONNAME = "Malik, Alayli";
				TargetAttributes = {
					3AAAEEC92356CD4700DDE4A6 = {
						CreatedOnToolsVersion = 11.0;
					};
				};
			};
			buildConfigurationList = 3AAAEEC52356CD4700DDE4A6 /* Build configuration list for PBXProject "SimpleShader" */;
			compatibilityVersion = "Xcode 9.3";
			developmentRegion = en;
			hasScannedForEncodings = 0;
			knownRegions = (
				en,
				Base,
			);
			mainGroup = 3AAAEEC12356CD4700DDE4A6;
			productRefGroup = 3AAAEECB2356CD4700DDE4A6 /* Products */;
			projectDirPath = "";
			projectRoot = "";
			targets = (
				3AAAEEC92356CD4700DDE4A6 /* SimpleShader */,
			);
		};
/* End PBXProject section */

/* Begin PBXResourcesBuildPhase section */
		3AAAEEC82356CD4700DDE4A6 /* Resources */ = {
			isa = PBXResourcesBuildPhase;
			buildActionMask = 2147483647;
			files = (
				3AAAEED02356CD4700DDE4A6 /* art.scnassets in Resources */,
				3AAAEEDA2356CD4A00DDE4A6 /* LaunchScreen.storyboard in Resources */,
				3AAAEED72356CD4A00DDE4A6 /* Assets.xcassets in Resources */,
				3AAAEED52356CD4700DDE4A6 /* Main.storyboard in Resources */,
			);
			runOnlyForDeploymentPostprocessing = 0;
		};
/* End PBXResourcesBuildPhase section */

/* Begin PBXSourcesBuildPhase section */
		3AAAEEC62356CD4700DDE4A6 /* Sources */ = {
			isa = PBXSourcesBuildPhase;
			buildActionMask = 2147483647;
			files = (
				3AAAEEF02356EF5800DDE4A6 /* Enlighted.metal in Sources */,
				3AAAEED22356CD4700DDE4A6 /* GameViewController.swift in Sources */,
				3AAAEEE22356CDA300DDE4A6 /* SimpleShadersScene.swift in Sources */,
				3AAAEEE42356CF5000DDE4A6 /* TextureSampler.metal in Sources */,
				3AAAEECE2356CD4700DDE4A6 /* AppDelegate.swift in Sources */,
			);
			runOnlyForDeploymentPostprocessing = 0;
		};
/* End PBXSourcesBuildPhase section */

/* Begin PBXVariantGroup section */
		3AAAEED32356CD4700DDE4A6 /* Main.storyboard */ = {
			isa = PBXVariantGroup;
			children = (
				3AAAEED42356CD4700DDE4A6 /* Base */,
			);
			name = Main.storyboard;
			sourceTree = "<group>";
		};
		3AAAEED82356CD4A00DDE4A6 /* LaunchScreen.storyboard */ = {
			isa = PBXVariantGroup;
			children = (
				3AAAEED92356CD4A00DDE4A6 /* Base */,
			);
			name = LaunchScreen.storyboard;
			sourceTree = "<group>";
		};
/* End PBXVariantGroup section */

/* Begin XCBuildConfiguration section */
		3AAAEEDC2356CD4A00DDE4A6 /* Debug */ = {
			isa = XCBuildConfiguration;
			buildSettings = {
				ALWAYS_SEARCH_USER_PATHS = NO;
				CLANG_ANALYZER_NONNULL = YES;
				CLANG_ANALYZER_NUMBER_OBJECT_CONVERSION = YES_AGGRESSIVE;
				CLANG_CXX_LANGUAGE_STANDARD = "gnu++14";
				CLANG_CXX_LIBRARY = "libc++";
				CLANG_ENABLE_MODULES = YES;
				CLANG_ENABLE_OBJC_ARC = YES;
				CLANG_ENABLE_OBJC_WEAK = YES;
				CLANG_WARN_BLOCK_CAPTURE_AUTORELEASING = YES;
				CLANG_WARN_BOOL_CONVERSION = YES;
				CLANG_WARN_COMMA = YES;
				CLANG_WARN_CONSTANT_CONVERSION = YES;
				CLANG_WARN_DEPRECATED_OBJC_IMPLEMENTATIONS = YES;
				CLANG_WARN_DIRECT_OBJC_ISA_USAGE = YES_ERROR;
				CLANG_WARN_DOCUMENTATION_COMMENTS = YES;
				CLANG_WARN_EMPTY_BODY = YES;
				CLANG_WARN_ENUM_CONVERSION = YES;
				CLANG_WARN_INFINITE_RECURSION = YES;
				CLANG_WARN_INT_CONVERSION = YES;
				CLANG_WARN_NON_LITERAL_NULL_CONVERSION = YES;
				CLANG_WARN_OBJC_IMPLICIT_RETAIN_SELF = YES;
				CLANG_WARN_OBJC_LITERAL_CONVERSION = YES;
				CLANG_WARN_OBJC_ROOT_CLASS = YES_ERROR;
				CLANG_WARN_RANGE_LOOP_ANALYSIS = YES;
				CLANG_WARN_STRICT_PROTOTYPES = YES;
				CLANG_WARN_SUSPICIOUS_MOVE = YES;
				CLANG_WARN_UNGUARDED_AVAILABILITY = YES_AGGRESSIVE;
				CLANG_WARN_UNREACHABLE_CODE = YES;
				CLANG_WARN__DUPLICATE_METHOD_MATCH = YES;
				COPY_PHASE_STRIP = NO;
				DEBUG_INFORMATION_FORMAT = dwarf;
				ENABLE_STRICT_OBJC_MSGSEND = YES;
				ENABLE_TESTABILITY = YES;
				GCC_C_LANGUAGE_STANDARD = gnu11;
				GCC_DYNAMIC_NO_PIC = NO;
				GCC_NO_COMMON_BLOCKS = YES;
				GCC_OPTIMIZATION_LEVEL = 0;
				GCC_PREPROCESSOR_DEFINITIONS = (
					"DEBUG=1",
					"$(inherited)",
				);
				GCC_WARN_64_TO_32_BIT_CONVERSION = YES;
				GCC_WARN_ABOUT_RETURN_TYPE = YES_ERROR;
				GCC_WARN_UNDECLARED_SELECTOR = YES;
				GCC_WARN_UNINITIALIZED_AUTOS = YES_AGGRESSIVE;
				GCC_WARN_UNUSED_FUNCTION = YES;
				GCC_WARN_UNUSED_VARIABLE = YES;
				IPHONEOS_DEPLOYMENT_TARGET = 13.0;
				MTL_ENABLE_DEBUG_INFO = INCLUDE_SOURCE;
				MTL_FAST_MATH = YES;
				ONLY_ACTIVE_ARCH = YES;
				SDKROOT = iphoneos;
				SWIFT_ACTIVE_COMPILATION_CONDITIONS = DEBUG;
				SWIFT_OPTIMIZATION_LEVEL = "-Onone";
			};
			name = Debug;
		};
		3AAAEEDD2356CD4A00DDE4A6 /* Release */ = {
			isa = XCBuildConfiguration;
			buildSettings = {
				ALWAYS_SEARCH_USER_PATHS = NO;
				CLANG_ANALYZER_NONNULL = YES;
				CLANG_ANALYZER_NUMBER_OBJECT_CONVERSION = YES_AGGRESSIVE;
				CLANG_CXX_LANGUAGE_STANDARD = "gnu++14";
				CLANG_CXX_LIBRARY = "libc++";
				CLANG_ENABLE_MODULES = YES;
				CLANG_ENABLE_OBJC_ARC = YES;
				CLANG_ENABLE_OBJC_WEAK = YES;
				CLANG_WARN_BLOCK_CAPTURE_AUTORELEASING = YES;
				CLANG_WARN_BOOL_CONVERSION = YES;
				CLANG_WARN_COMMA = YES;
				CLANG_WARN_CONSTANT_CONVERSION = YES;
				CLANG_WARN_DEPRECATED_OBJC_IMPLEMENTATIONS = YES;
				CLANG_WARN_DIRECT_OBJC_ISA_USAGE = YES_ERROR;
				CLANG_WARN_DOCUMENTATION_COMMENTS = YES;
				CLANG_WARN_EMPTY_BODY = YES;
				CLANG_WARN_ENUM_CONVERSION = YES;
				CLANG_WARN_INFINITE_RECURSION = YES;
				CLANG_WARN_INT_CONVERSION = YES;
				CLANG_WARN_NON_LITERAL_NULL_CONVERSION = YES;
				CLANG_WARN_OBJC_IMPLICIT_RETAIN_SELF = YES;
				CLANG_WARN_OBJC_LITERAL_CONVERSION = YES;
				CLANG_WARN_OBJC_ROOT_CLASS = YES_ERROR;
				CLANG_WARN_RANGE_LOOP_ANALYSIS = YES;
				CLANG_WARN_STRICT_PROTOTYPES = YES;
				CLANG_WARN_SUSPICIOUS_MOVE = YES;
				CLANG_WARN_UNGUARDED_AVAILABILITY = YES_AGGRESSIVE;
				CLANG_WARN_UNREACHABLE_CODE = YES;
				CLANG_WARN__DUPLICATE_METHOD_MATCH = YES;
				COPY_PHASE_STRIP = NO;
				DEBUG_INFORMATION_FORMAT = "dwarf-with-dsym";
				ENABLE_NS_ASSERTIONS = NO;
				ENABLE_STRICT_OBJC_MSGSEND = YES;
				GCC_C_LANGUAGE_STANDARD = gnu11;
				GCC_NO_COMMON_BLOCKS = YES;
				GCC_WARN_64_TO_32_BIT_CONVERSION = YES;
				GCC_WARN_ABOUT_RETURN_TYPE = YES_ERROR;
				GCC_WARN_UNDECLARED_SELECTOR = YES;
				GCC_WARN_UNINITIALIZED_AUTOS = YES_AGGRESSIVE;
				GCC_WARN_UNUSED_FUNCTION = YES;
				GCC_WARN_UNUSED_VARIABLE = YES;
				IPHONEOS_DEPLOYMENT_TARGET = 13.0;
				MTL_ENABLE_DEBUG_INFO = NO;
				MTL_FAST_MATH = YES;
				SDKROOT = iphoneos;
				SWIFT_COMPILATION_MODE = wholemodule;
				SWIFT_OPTIMIZATION_LEVEL = "-O";
				VALIDATE_PRODUCT = YES;
			};
			name = Release;
		};
		3AAAEEDF2356CD4A00DDE4A6 /* Debug */ = {
			isa = XCBuildConfiguration;
			buildSettings = {
				ASSETCATALOG_COMPILER_APPICON_NAME = AppIcon;
				CODE_SIGN_STYLE = Automatic;
				DEVELOPMENT_TEAM = 6ZQLTEG662;
				INFOPLIST_FILE = SimpleShader/Info.plist;
				LD_RUNPATH_SEARCH_PATHS = (
					"$(inherited)",
					"@executable_path/Frameworks",
				);
				PRODUCT_BUNDLE_IDENTIFIER = com.malikalayli.SimpleShader;
				PRODUCT_NAME = "$(TARGET_NAME)";
				SWIFT_VERSION = 5.0;
				TARGETED_DEVICE_FAMILY = "1,2";
			};
			name = Debug;
		};
		3AAAEEE02356CD4A00DDE4A6 /* Release */ = {
			isa = XCBuildConfiguration;
			buildSettings = {
				ASSETCATALOG_COMPILER_APPICON_NAME = AppIcon;
				CODE_SIGN_STYLE = Automatic;
				DEVELOPMENT_TEAM = 6ZQLTEG662;
				INFOPLIST_FILE = SimpleShader/Info.plist;
				LD_RUNPATH_SEARCH_PATHS = (
					"$(inherited)",
					"@executable_path/Frameworks",
				);
				PRODUCT_BUNDLE_IDENTIFIER = com.malikalayli.SimpleShader;
				PRODUCT_NAME = "$(TARGET_NAME)";
				SWIFT_VERSION = 5.0;
				TARGETED_DEVICE_FAMILY = "1,2";
			};
			name = Release;
		};
/* End XCBuildConfiguration section */

/* Begin XCConfigurationList section */
		3AAAEEC52356CD4700DDE4A6 /* Build configuration list for PBXProject "SimpleShader" */ = {
			isa = XCConfigurationList;
			buildConfigurations = (
				3AAAEEDC2356CD4A00DDE4A6 /* Debug */,
				3AAAEEDD2356CD4A00DDE4A6 /* Release */,
			);
			defaultConfigurationIsVisible = 0;
			defaultConfigurationName = Release;
		};
		3AAAEEDE2356CD4A00DDE4A6 /* Build configuration list for PBXNativeTarget "SimpleShader" */ = {
			isa = XCConfigurationList;
			buildConfigurations = (
				3AAAEEDF2356CD4A00DDE4A6 /* Debug */,
				3AAAEEE02356CD4A00DDE4A6 /* Release */,
			);
			defaultConfigurationIsVisible = 0;
			defaultConfigurationName = Release;
		};
/* End XCConfigurationList section */
	};
	rootObject = 3AAAEEC22356CD4700DDE4A6 /* Project object */;
}
